
Microsoft Visual Studio Solution File, Format Version 12.00
# Visual Studio 15
VisualStudioVersion = 15.0.28307.421
MinimumVisualStudioVersion = 10.0.40219.1
Project("{FAE04EC0-301F-11D3-BF4B-00C04F79EFBC}") = "KursWork_ObjectSearch", "KursWork_ObjectSearch\KursWork_ObjectSearch.csproj", "{C6817F41-284D-499E-B562-8D0FA3093ADA}"
EndProject
Global
	GlobalSection(SolutionConfigurationPlatforms) = preSolution
		Debug|Any CPU = Debug|Any CPU
		Release|Any CPU = Release|Any CPU
	EndGlobalSection
	GlobalSection(ProjectConfigurationPlatforms) = postSolution
		{C6817F41-284D-499E-B562-8D0FA3093ADA}.Debug|Any CPU.ActiveCfg = Debug|Any CPU
		{C6817F41-284D-499E-B562-8D0FA3093ADA}.Debug|Any CPU.Build.0 = Debug|Any CPU
		{C6817F41-284D-499E-B562-8D0FA3093ADA}.Release|Any CPU.ActiveCfg = Release|Any CPU
		{C6817F41-284D-499E-B562-8D0FA3093ADA}.Release|Any CPU.Build.0 = Release|Any CPU
	EndGlobalSection
	GlobalSection(SolutionProperties) = preSolution
		HideSolutionNode = FALSE
	EndGlobalSection
	GlobalSection(ExtensibilityGlobals) = postSolution
		SolutionGuid = {A40AF423-F37E-41DC-A8A4-E22DBB78B7B1}
	EndGlobalSection
EndGlobal
